{
    "name": "TheAnomaly",
    "lockfileVersion": 2,
    "requires": true,
    "packages": {
        "": {
            "dependencies": {
                "@babylonjs/core": "^5.31.2",
                "@babylonjs/gui": "^5.35.0",
                "babylonjs": "^5.31.2",
                "babylonjs-charactercontroller": "^0.4.4-alpha.2",
                "babylonjs-loaders": "^5.33.1"
            }
        },
        "node_modules/@babylonjs/core": {
            "version": "5.31.2",
            "resolved": "https://registry.npmjs.org/@babylonjs/core/-/core-5.31.2.tgz",
            "integrity": "sha512-7mD2SYDDngafq5GhJtOBd4myHmej+Ol00OwGt+612yCw0CW3ScKMD4haWjSyPLy3JE428fi4ZtK40/QjtXHvUw=="
        },
        "node_modules/@babylonjs/gui": {
            "version": "5.35.0",
            "resolved": "https://registry.npmjs.org/@babylonjs/gui/-/gui-5.35.0.tgz",
            "integrity": "sha512-V4EuWm0c5nZ5dbFxU9+zskv6cD2lDe192wpzSVCDDGUCejRNIXks/cylFJKptuAMYRipAhCYnAYcOBv+xX6ulw==",
            "peerDependencies": {
                "@babylonjs/core": "^5.22.0"
            }
        },
        "node_modules/babylonjs": {
            "version": "5.33.1",
            "resolved": "https://registry.npmjs.org/babylonjs/-/babylonjs-5.33.1.tgz",
            "integrity": "sha512-Pl8ZZn5jDTUfnrn7Q7VCdzdZstYWLaw2zkGHXpf98sxeKJj5SsyxUh1KRAXLPgDmqkznBHTyoBYi8MdOzLVEFQ==",
            "hasInstallScript": true
        },
        "node_modules/babylonjs-charactercontroller": {
            "version": "0.4.4-alpha.2",
            "resolved": "https://registry.npmjs.org/babylonjs-charactercontroller/-/babylonjs-charactercontroller-0.4.4-alpha.2.tgz",
            "integrity": "sha512-4+vXV8T3uVNFTp5eoE0OCNh+a/ZoNqbiPhqc2gp0YPkzbw3+ix81IMz2lTN6zQe90rjWIQHx0+Lnbu36sVhUpQ=="
        },
        "node_modules/babylonjs-gltf2interface": {
            "version": "5.33.1",
            "resolved": "https://registry.npmjs.org/babylonjs-gltf2interface/-/babylonjs-gltf2interface-5.33.1.tgz",
            "integrity": "sha512-2iPPCKmpK75pTFZ/u/JDMqZklOCPzjc0r2mipJIhcryhK6WPG5WdflRb8RnIA/lL4PmwPCMxrQG4Yy/VhM5+lQ=="
        },
        "node_modules/babylonjs-loaders": {
            "version": "5.33.1",
            "resolved": "https://registry.npmjs.org/babylonjs-loaders/-/babylonjs-loaders-5.33.1.tgz",
            "integrity": "sha512-cYTGLowR1zGL0krHTKdu+qobpxgFxA4nONwuhp4Iblcl5OVPVrSFBbayBYOPiRbqEq/1Dr0P5hz7+7smNhw6Yg==",
            "dependencies": {
                "babylonjs": "^5.33.1",
                "babylonjs-gltf2interface": "^5.33.1"
            }
        }
    },
    "dependencies": {
        "@babylonjs/core": {
            "version": "5.31.2",
            "resolved": "https://registry.npmjs.org/@babylonjs/core/-/core-5.31.2.tgz",
            "integrity": "sha512-7mD2SYDDngafq5GhJtOBd4myHmej+Ol00OwGt+612yCw0CW3ScKMD4haWjSyPLy3JE428fi4ZtK40/QjtXHvUw=="
        },
        "@babylonjs/gui": {
            "version": "5.35.0",
            "resolved": "https://registry.npmjs.org/@babylonjs/gui/-/gui-5.35.0.tgz",
            "integrity": "sha512-V4EuWm0c5nZ5dbFxU9+zskv6cD2lDe192wpzSVCDDGUCejRNIXks/cylFJKptuAMYRipAhCYnAYcOBv+xX6ulw==",
            "requires": {}
        },
        "babylonjs": {
            "version": "5.33.1",
            "resolved": "https://registry.npmjs.org/babylonjs/-/babylonjs-5.33.1.tgz",
            "integrity": "sha512-Pl8ZZn5jDTUfnrn7Q7VCdzdZstYWLaw2zkGHXpf98sxeKJj5SsyxUh1KRAXLPgDmqkznBHTyoBYi8MdOzLVEFQ=="
        },
        "babylonjs-charactercontroller": {
            "version": "0.4.4-alpha.2",
            "resolved": "https://registry.npmjs.org/babylonjs-charactercontroller/-/babylonjs-charactercontroller-0.4.4-alpha.2.tgz",
            "integrity": "sha512-4+vXV8T3uVNFTp5eoE0OCNh+a/ZoNqbiPhqc2gp0YPkzbw3+ix81IMz2lTN6zQe90rjWIQHx0+Lnbu36sVhUpQ=="
        },
        "babylonjs-gltf2interface": {
            "version": "5.33.1",
            "resolved": "https://registry.npmjs.org/babylonjs-gltf2interface/-/babylonjs-gltf2interface-5.33.1.tgz",
            "integrity": "sha512-2iPPCKmpK75pTFZ/u/JDMqZklOCPzjc0r2mipJIhcryhK6WPG5WdflRb8RnIA/lL4PmwPCMxrQG4Yy/VhM5+lQ=="
        },
        "babylonjs-loaders": {
            "version": "5.33.1",
            "resolved": "https://registry.npmjs.org/babylonjs-loaders/-/babylonjs-loaders-5.33.1.tgz",
            "integrity": "sha512-cYTGLowR1zGL0krHTKdu+qobpxgFxA4nONwuhp4Iblcl5OVPVrSFBbayBYOPiRbqEq/1Dr0P5hz7+7smNhw6Yg==",
            "requires": {
                "babylonjs": "^5.33.1",
                "babylonjs-gltf2interface": "^5.33.1"
            }
        }
    }
}
