{
  "name": "TheAnomaly",
  "lockfileVersion": 2,
  "requires": true,
  "packages": {
    "": {
      "dependencies": {
        "babylonjs": "^5.31.2"
      }
    },
    "node_modules/babylonjs": {
      "version": "5.31.2",
      "resolved": "https://registry.npmjs.org/babylonjs/-/babylonjs-5.31.2.tgz",
      "integrity": "sha512-tY7ghuKXygmzc1ks8jX4Xs+HBmCTQeiDpcKCf3e0c+6ipg3/4/VnbImDveMusGgTffY8eloWY51xRVP3l606UQ==",
      "hasInstallScript": true
    }
  },
  "dependencies": {
    "babylonjs": {
      "version": "5.31.2",
      "resolved": "https://registry.npmjs.org/babylonjs/-/babylonjs-5.31.2.tgz",
      "integrity": "sha512-tY7ghuKXygmzc1ks8jX4Xs+HBmCTQeiDpcKCf3e0c+6ipg3/4/VnbImDveMusGgTffY8eloWY51xRVP3l606UQ=="
    }
  }
}
